
Microsoft Visual Studio Solution File, Format Version 12.00
# Visual Studio 15
VisualStudioVersion = 15.0.26403.7
MinimumVisualStudioVersion = 10.0.40219.1
Project("{D954291E-2A0B-460D-934E-DC6B0785DB48}") = "Tugas2", "Tugas2\Tugas2\Tugas2.shproj", "{19E04195-6932-472F-8EEA-1DDBEBEDAA8A}"
EndProject
Project("{FAE04EC0-301F-11D3-BF4B-00C04F79EFBC}") = "Tugas2.Android", "Tugas2\Tugas2.Android\Tugas2.Android.csproj", "{1707E075-1FF2-4F70-A0C5-008B66A0EFE5}"
EndProject
Project("{FAE04EC0-301F-11D3-BF4B-00C04F79EFBC}") = "Tugas2.iOS", "Tugas2\Tugas2.iOS\Tugas2.iOS.csproj", "{502C84E9-7D9E-4C3E-95D9-0CE2AA78FCEC}"
EndProject
Project("{FAE04EC0-301F-11D3-BF4B-00C04F79EFBC}") = "Tugas2.UWP", "Tugas2\Tugas2.UWP\Tugas2.UWP.csproj", "{41E2E991-8615-4108-993C-844B0E905544}"
EndProject
Global
	GlobalSection(SharedMSBuildProjectFiles) = preSolution
		Tugas2\Tugas2\Tugas2.projitems*{1707e075-1ff2-4f70-a0c5-008b66a0efe5}*SharedItemsImports = 4
		Tugas2\Tugas2\Tugas2.projitems*{19e04195-6932-472f-8eea-1ddbebedaa8a}*SharedItemsImports = 13
		Tugas2\Tugas2\Tugas2.projitems*{502c84e9-7d9e-4c3e-95d9-0ce2aa78fcec}*SharedItemsImports = 4
	EndGlobalSection
	GlobalSection(SolutionConfigurationPlatforms) = preSolution
		Ad-Hoc|Any CPU = Ad-Hoc|Any CPU
		Ad-Hoc|ARM = Ad-Hoc|ARM
		Ad-Hoc|iPhone = Ad-Hoc|iPhone
		Ad-Hoc|iPhoneSimulator = Ad-Hoc|iPhoneSimulator
		Ad-Hoc|x64 = Ad-Hoc|x64
		Ad-Hoc|x86 = Ad-Hoc|x86
		AppStore|Any CPU = AppStore|Any CPU
		AppStore|ARM = AppStore|ARM
		AppStore|iPhone = AppStore|iPhone
		AppStore|iPhoneSimulator = AppStore|iPhoneSimulator
		AppStore|x64 = AppStore|x64
		AppStore|x86 = AppStore|x86
		Debug|Any CPU = Debug|Any CPU
		Debug|ARM = Debug|ARM
		Debug|iPhone = Debug|iPhone
		Debug|iPhoneSimulator = Debug|iPhoneSimulator
		Debug|x64 = Debug|x64
		Debug|x86 = Debug|x86
		Release|Any CPU = Release|Any CPU
		Release|ARM = Release|ARM
		Release|iPhone = Release|iPhone
		Release|iPhoneSimulator = Release|iPhoneSimulator
		Release|x64 = Release|x64
		Release|x86 = Release|x86
	EndGlobalSection
	GlobalSection(ProjectConfigurationPlatforms) = postSolution
		{1707E075-1FF2-4F70-A0C5-008B66A0EFE5}.Ad-Hoc|Any CPU.ActiveCfg = Release|Any CPU
		{1707E075-1FF2-4F70-A0C5-008B66A0EFE5}.Ad-Hoc|Any CPU.Build.0 = Release|Any CPU
		{1707E075-1FF2-4F70-A0C5-008B66A0EFE5}.Ad-Hoc|Any CPU.Deploy.0 = Release|Any CPU
		{1707E075-1FF2-4F70-A0C5-008B66A0EFE5}.Ad-Hoc|ARM.ActiveCfg = Release|Any CPU
		{1707E075-1FF2-4F70-A0C5-008B66A0EFE5}.Ad-Hoc|ARM.Build.0 = Release|Any CPU
		{1707E075-1FF2-4F70-A0C5-008B66A0EFE5}.Ad-Hoc|ARM.Deploy.0 = Release|Any CPU
		{1707E075-1FF2-4F70-A0C5-008B66A0EFE5}.Ad-Hoc|iPhone.ActiveCfg = Release|Any CPU
		{1707E075-1FF2-4F70-A0C5-008B66A0EFE5}.Ad-Hoc|iPhone.Build.0 = Release|Any CPU
		{1707E075-1FF2-4F70-A0C5-008B66A0EFE5}.Ad-Hoc|iPhone.Deploy.0 = Release|Any CPU
		{1707E075-1FF2-4F70-A0C5-008B66A0EFE5}.Ad-Hoc|iPhoneSimulator.ActiveCfg = Release|Any CPU
		{1707E075-1FF2-4F70-A0C5-008B66A0EFE5}.Ad-Hoc|iPhoneSimulator.Build.0 = Release|Any CPU
		{1707E075-1FF2-4F70-A0C5-008B66A0EFE5}.Ad-Hoc|iPhoneSimulator.Deploy.0 = Release|Any CPU
		{1707E075-1FF2-4F70-A0C5-008B66A0EFE5}.Ad-Hoc|x64.ActiveCfg = Release|Any CPU
		{1707E075-1FF2-4F70-A0C5-008B66A0EFE5}.Ad-Hoc|x64.Build.0 = Release|Any CPU
		{1707E075-1FF2-4F70-A0C5-008B66A0EFE5}.Ad-Hoc|x64.Deploy.0 = Release|Any CPU
		{1707E075-1FF2-4F70-A0C5-008B66A0EFE5}.Ad-Hoc|x86.ActiveCfg = Release|Any CPU
		{1707E075-1FF2-4F70-A0C5-008B66A0EFE5}.Ad-Hoc|x86.Build.0 = Release|Any CPU
		{1707E075-1FF2-4F70-A0C5-008B66A0EFE5}.Ad-Hoc|x86.Deploy.0 = Release|Any CPU
		{1707E075-1FF2-4F70-A0C5-008B66A0EFE5}.AppStore|Any CPU.ActiveCfg = Release|Any CPU
		{1707E075-1FF2-4F70-A0C5-008B66A0EFE5}.AppStore|Any CPU.Build.0 = Release|Any CPU
		{1707E075-1FF2-4F70-A0C5-008B66A0EFE5}.AppStore|Any CPU.Deploy.0 = Release|Any CPU
		{1707E075-1FF2-4F70-A0C5-008B66A0EFE5}.AppStore|ARM.ActiveCfg = Release|Any CPU
		{1707E075-1FF2-4F70-A0C5-008B66A0EFE5}.AppStore|ARM.Build.0 = Release|Any CPU
		{1707E075-1FF2-4F70-A0C5-008B66A0EFE5}.AppStore|ARM.Deploy.0 = Release|Any CPU
		{1707E075-1FF2-4F70-A0C5-008B66A0EFE5}.AppStore|iPhone.ActiveCfg = Release|Any CPU
		{1707E075-1FF2-4F70-A0C5-008B66A0EFE5}.AppStore|iPhone.Build.0 = Release|Any CPU
		{1707E075-1FF2-4F70-A0C5-008B66A0EFE5}.AppStore|iPhone.Deploy.0 = Release|Any CPU
		{1707E075-1FF2-4F70-A0C5-008B66A0EFE5}.AppStore|iPhoneSimulator.ActiveCfg = Release|Any CPU
		{1707E075-1FF2-4F70-A0C5-008B66A0EFE5}.AppStore|iPhoneSimulator.Build.0 = Release|Any CPU
		{1707E075-1FF2-4F70-A0C5-008B66A0EFE5}.AppStore|iPhoneSimulator.Deploy.0 = Release|Any CPU
		{1707E075-1FF2-4F70-A0C5-008B66A0EFE5}.AppStore|x64.ActiveCfg = Release|Any CPU
		{1707E075-1FF2-4F70-A0C5-008B66A0EFE5}.AppStore|x64.Build.0 = Release|Any CPU
		{1707E075-1FF2-4F70-A0C5-008B66A0EFE5}.AppStore|x64.Deploy.0 = Release|Any CPU
		{1707E075-1FF2-4F70-A0C5-008B66A0EFE5}.AppStore|x86.ActiveCfg = Release|Any CPU
		{1707E075-1FF2-4F70-A0C5-008B66A0EFE5}.AppStore|x86.Build.0 = Release|Any CPU
		{1707E075-1FF2-4F70-A0C5-008B66A0EFE5}.AppStore|x86.Deploy.0 = Release|Any CPU
		{1707E075-1FF2-4F70-A0C5-008B66A0EFE5}.Debug|Any CPU.ActiveCfg = Debug|Any CPU
		{1707E075-1FF2-4F70-A0C5-008B66A0EFE5}.Debug|Any CPU.Build.0 = Debug|Any CPU
		{1707E075-1FF2-4F70-A0C5-008B66A0EFE5}.Debug|Any CPU.Deploy.0 = Debug|Any CPU
		{1707E075-1FF2-4F70-A0C5-008B66A0EFE5}.Debug|ARM.ActiveCfg = Debug|Any CPU
		{1707E075-1FF2-4F70-A0C5-008B66A0EFE5}.Debug|ARM.Build.0 = Debug|Any CPU
		{1707E075-1FF2-4F70-A0C5-008B66A0EFE5}.Debug|ARM.Deploy.0 = Debug|Any CPU
		{1707E075-1FF2-4F70-A0C5-008B66A0EFE5}.Debug|iPhone.ActiveCfg = Debug|Any CPU
		{1707E075-1FF2-4F70-A0C5-008B66A0EFE5}.Debug|iPhone.Build.0 = Debug|Any CPU
		{1707E075-1FF2-4F70-A0C5-008B66A0EFE5}.Debug|iPhone.Deploy.0 = Debug|Any CPU
		{1707E075-1FF2-4F70-A0C5-008B66A0EFE5}.Debug|iPhoneSimulator.ActiveCfg = Debug|Any CPU
		{1707E075-1FF2-4F70-A0C5-008B66A0EFE5}.Debug|iPhoneSimulator.Build.0 = Debug|Any CPU
		{1707E075-1FF2-4F70-A0C5-008B66A0EFE5}.Debug|iPhoneSimulator.Deploy.0 = Debug|Any CPU
		{1707E075-1FF2-4F70-A0C5-008B66A0EFE5}.Debug|x64.ActiveCfg = Debug|Any CPU
		{1707E075-1FF2-4F70-A0C5-008B66A0EFE5}.Debug|x64.Build.0 = Debug|Any CPU
		{1707E075-1FF2-4F70-A0C5-008B66A0EFE5}.Debug|x64.Deploy.0 = Debug|Any CPU
		{1707E075-1FF2-4F70-A0C5-008B66A0EFE5}.Debug|x86.ActiveCfg = Debug|Any CPU
		{1707E075-1FF2-4F70-A0C5-008B66A0EFE5}.Debug|x86.Build.0 = Debug|Any CPU
		{1707E075-1FF2-4F70-A0C5-008B66A0EFE5}.Debug|x86.Deploy.0 = Debug|Any CPU
		{1707E075-1FF2-4F70-A0C5-008B66A0EFE5}.Release|Any CPU.ActiveCfg = Release|Any CPU
		{1707E075-1FF2-4F70-A0C5-008B66A0EFE5}.Release|Any CPU.Build.0 = Release|Any CPU
		{1707E075-1FF2-4F70-A0C5-008B66A0EFE5}.Release|Any CPU.Deploy.0 = Release|Any CPU
		{1707E075-1FF2-4F70-A0C5-008B66A0EFE5}.Release|ARM.ActiveCfg = Release|Any CPU
		{1707E075-1FF2-4F70-A0C5-008B66A0EFE5}.Release|ARM.Build.0 = Release|Any CPU
		{1707E075-1FF2-4F70-A0C5-008B66A0EFE5}.Release|ARM.Deploy.0 = Release|Any CPU
		{1707E075-1FF2-4F70-A0C5-008B66A0EFE5}.Release|iPhone.ActiveCfg = Release|Any CPU
		{1707E075-1FF2-4F70-A0C5-008B66A0EFE5}.Release|iPhone.Build.0 = Release|Any CPU
		{1707E075-1FF2-4F70-A0C5-008B66A0EFE5}.Release|iPhone.Deploy.0 = Release|Any CPU
		{1707E075-1FF2-4F70-A0C5-008B66A0EFE5}.Release|iPhoneSimulator.ActiveCfg = Release|Any CPU
		{1707E075-1FF2-4F70-A0C5-008B66A0EFE5}.Release|iPhoneSimulator.Build.0 = Release|Any CPU
		{1707E075-1FF2-4F70-A0C5-008B66A0EFE5}.Release|iPhoneSimulator.Deploy.0 = Release|Any CPU
		{1707E075-1FF2-4F70-A0C5-008B66A0EFE5}.Release|x64.ActiveCfg = Release|Any CPU
		{1707E075-1FF2-4F70-A0C5-008B66A0EFE5}.Release|x64.Build.0 = Release|Any CPU
		{1707E075-1FF2-4F70-A0C5-008B66A0EFE5}.Release|x64.Deploy.0 = Release|Any CPU
		{1707E075-1FF2-4F70-A0C5-008B66A0EFE5}.Release|x86.ActiveCfg = Release|Any CPU
		{1707E075-1FF2-4F70-A0C5-008B66A0EFE5}.Release|x86.Build.0 = Release|Any CPU
		{1707E075-1FF2-4F70-A0C5-008B66A0EFE5}.Release|x86.Deploy.0 = Release|Any CPU
		{502C84E9-7D9E-4C3E-95D9-0CE2AA78FCEC}.Ad-Hoc|Any CPU.ActiveCfg = Ad-Hoc|iPhone
		{502C84E9-7D9E-4C3E-95D9-0CE2AA78FCEC}.Ad-Hoc|ARM.ActiveCfg = Ad-Hoc|iPhone
		{502C84E9-7D9E-4C3E-95D9-0CE2AA78FCEC}.Ad-Hoc|iPhone.ActiveCfg = Ad-Hoc|iPhone
		{502C84E9-7D9E-4C3E-95D9-0CE2AA78FCEC}.Ad-Hoc|iPhone.Build.0 = Ad-Hoc|iPhone
		{502C84E9-7D9E-4C3E-95D9-0CE2AA78FCEC}.Ad-Hoc|iPhoneSimulator.ActiveCfg = Ad-Hoc|iPhoneSimulator
		{502C84E9-7D9E-4C3E-95D9-0CE2AA78FCEC}.Ad-Hoc|iPhoneSimulator.Build.0 = Ad-Hoc|iPhoneSimulator
		{502C84E9-7D9E-4C3E-95D9-0CE2AA78FCEC}.Ad-Hoc|x64.ActiveCfg = Ad-Hoc|iPhone
		{502C84E9-7D9E-4C3E-95D9-0CE2AA78FCEC}.Ad-Hoc|x86.ActiveCfg = Ad-Hoc|iPhone
		{502C84E9-7D9E-4C3E-95D9-0CE2AA78FCEC}.AppStore|Any CPU.ActiveCfg = AppStore|iPhone
		{502C84E9-7D9E-4C3E-95D9-0CE2AA78FCEC}.AppStore|ARM.ActiveCfg = AppStore|iPhone
		{502C84E9-7D9E-4C3E-95D9-0CE2AA78FCEC}.AppStore|iPhone.ActiveCfg = AppStore|iPhone
		{502C84E9-7D9E-4C3E-95D9-0CE2AA78FCEC}.AppStore|iPhone.Build.0 = AppStore|iPhone
		{502C84E9-7D9E-4C3E-95D9-0CE2AA78FCEC}.AppStore|iPhoneSimulator.ActiveCfg = AppStore|iPhoneSimulator
		{502C84E9-7D9E-4C3E-95D9-0CE2AA78FCEC}.AppStore|iPhoneSimulator.Build.0 = AppStore|iPhoneSimulator
		{502C84E9-7D9E-4C3E-95D9-0CE2AA78FCEC}.AppStore|x64.ActiveCfg = AppStore|iPhone
		{502C84E9-7D9E-4C3E-95D9-0CE2AA78FCEC}.AppStore|x86.ActiveCfg = AppStore|iPhone
		{502C84E9-7D9E-4C3E-95D9-0CE2AA78FCEC}.Debug|Any CPU.ActiveCfg = Debug|iPhone
		{502C84E9-7D9E-4C3E-95D9-0CE2AA78FCEC}.Debug|ARM.ActiveCfg = Debug|iPhone
		{502C84E9-7D9E-4C3E-95D9-0CE2AA78FCEC}.Debug|iPhone.ActiveCfg = Debug|iPhone
		{502C84E9-7D9E-4C3E-95D9-0CE2AA78FCEC}.Debug|iPhone.Build.0 = Debug|iPhone
		{502C84E9-7D9E-4C3E-95D9-0CE2AA78FCEC}.Debug|iPhoneSimulator.ActiveCfg = Debug|iPhoneSimulator
		{502C84E9-7D9E-4C3E-95D9-0CE2AA78FCEC}.Debug|iPhoneSimulator.Build.0 = Debug|iPhoneSimulator
		{502C84E9-7D9E-4C3E-95D9-0CE2AA78FCEC}.Debug|x64.ActiveCfg = Debug|iPhone
		{502C84E9-7D9E-4C3E-95D9-0CE2AA78FCEC}.Debug|x86.ActiveCfg = Debug|iPhone
		{502C84E9-7D9E-4C3E-95D9-0CE2AA78FCEC}.Release|Any CPU.ActiveCfg = Release|iPhone
		{502C84E9-7D9E-4C3E-95D9-0CE2AA78FCEC}.Release|ARM.ActiveCfg = Release|iPhone
		{502C84E9-7D9E-4C3E-95D9-0CE2AA78FCEC}.Release|iPhone.ActiveCfg = Release|iPhone
		{502C84E9-7D9E-4C3E-95D9-0CE2AA78FCEC}.Release|iPhone.Build.0 = Release|iPhone
		{502C84E9-7D9E-4C3E-95D9-0CE2AA78FCEC}.Release|iPhoneSimulator.ActiveCfg = Release|iPhoneSimulator
		{502C84E9-7D9E-4C3E-95D9-0CE2AA78FCEC}.Release|iPhoneSimulator.Build.0 = Release|iPhoneSimulator
		{502C84E9-7D9E-4C3E-95D9-0CE2AA78FCEC}.Release|x64.ActiveCfg = Release|iPhone
		{502C84E9-7D9E-4C3E-95D9-0CE2AA78FCEC}.Release|x86.ActiveCfg = Release|iPhone
		{41E2E991-8615-4108-993C-844B0E905544}.Ad-Hoc|Any CPU.ActiveCfg = Release|x86
		{41E2E991-8615-4108-993C-844B0E905544}.Ad-Hoc|Any CPU.Build.0 = Release|x86
		{41E2E991-8615-4108-993C-844B0E905544}.Ad-Hoc|Any CPU.Deploy.0 = Release|x86
		{41E2E991-8615-4108-993C-844B0E905544}.Ad-Hoc|ARM.ActiveCfg = Release|ARM
		{41E2E991-8615-4108-993C-844B0E905544}.Ad-Hoc|ARM.Build.0 = Release|ARM
		{41E2E991-8615-4108-993C-844B0E905544}.Ad-Hoc|ARM.Deploy.0 = Release|ARM
		{41E2E991-8615-4108-993C-844B0E905544}.Ad-Hoc|iPhone.ActiveCfg = Release|x86
		{41E2E991-8615-4108-993C-844B0E905544}.Ad-Hoc|iPhone.Build.0 = Release|x86
		{41E2E991-8615-4108-993C-844B0E905544}.Ad-Hoc|iPhone.Deploy.0 = Release|x86
		{41E2E991-8615-4108-993C-844B0E905544}.Ad-Hoc|iPhoneSimulator.ActiveCfg = Release|x86
		{41E2E991-8615-4108-993C-844B0E905544}.Ad-Hoc|iPhoneSimulator.Build.0 = Release|x86
		{41E2E991-8615-4108-993C-844B0E905544}.Ad-Hoc|iPhoneSimulator.Deploy.0 = Release|x86
		{41E2E991-8615-4108-993C-844B0E905544}.Ad-Hoc|x64.ActiveCfg = Release|x64
		{41E2E991-8615-4108-993C-844B0E905544}.Ad-Hoc|x64.Build.0 = Release|x64
		{41E2E991-8615-4108-993C-844B0E905544}.Ad-Hoc|x64.Deploy.0 = Release|x64
		{41E2E991-8615-4108-993C-844B0E905544}.Ad-Hoc|x86.ActiveCfg = Release|x86
		{41E2E991-8615-4108-993C-844B0E905544}.Ad-Hoc|x86.Build.0 = Release|x86
		{41E2E991-8615-4108-993C-844B0E905544}.Ad-Hoc|x86.Deploy.0 = Release|x86
		{41E2E991-8615-4108-993C-844B0E905544}.AppStore|Any CPU.ActiveCfg = Release|x86
		{41E2E991-8615-4108-993C-844B0E905544}.AppStore|Any CPU.Build.0 = Release|x86
		{41E2E991-8615-4108-993C-844B0E905544}.AppStore|Any CPU.Deploy.0 = Release|x86
		{41E2E991-8615-4108-993C-844B0E905544}.AppStore|ARM.ActiveCfg = Release|ARM
		{41E2E991-8615-4108-993C-844B0E905544}.AppStore|ARM.Build.0 = Release|ARM
		{41E2E991-8615-4108-993C-844B0E905544}.AppStore|ARM.Deploy.0 = Release|ARM
		{41E2E991-8615-4108-993C-844B0E905544}.AppStore|iPhone.ActiveCfg = Release|x86
		{41E2E991-8615-4108-993C-844B0E905544}.AppStore|iPhone.Build.0 = Release|x86
		{41E2E991-8615-4108-993C-844B0E905544}.AppStore|iPhone.Deploy.0 = Release|x86
		{41E2E991-8615-4108-993C-844B0E905544}.AppStore|iPhoneSimulator.ActiveCfg = Release|x86
		{41E2E991-8615-4108-993C-844B0E905544}.AppStore|iPhoneSimulator.Build.0 = Release|x86
		{41E2E991-8615-4108-993C-844B0E905544}.AppStore|iPhoneSimulator.Deploy.0 = Release|x86
		{41E2E991-8615-4108-993C-844B0E905544}.AppStore|x64.ActiveCfg = Release|x64
		{41E2E991-8615-4108-993C-844B0E905544}.AppStore|x64.Build.0 = Release|x64
		{41E2E991-8615-4108-993C-844B0E905544}.AppStore|x64.Deploy.0 = Release|x64
		{41E2E991-8615-4108-993C-844B0E905544}.AppStore|x86.ActiveCfg = Release|x86
		{41E2E991-8615-4108-993C-844B0E905544}.AppStore|x86.Build.0 = Release|x86
		{41E2E991-8615-4108-993C-844B0E905544}.AppStore|x86.Deploy.0 = Release|x86
		{41E2E991-8615-4108-993C-844B0E905544}.Debug|Any CPU.ActiveCfg = Debug|x86
		{41E2E991-8615-4108-993C-844B0E905544}.Debug|ARM.ActiveCfg = Debug|ARM
		{41E2E991-8615-4108-993C-844B0E905544}.Debug|ARM.Build.0 = Debug|ARM
		{41E2E991-8615-4108-993C-844B0E905544}.Debug|ARM.Deploy.0 = Debug|ARM
		{41E2E991-8615-4108-993C-844B0E905544}.Debug|iPhone.ActiveCfg = Debug|x86
		{41E2E991-8615-4108-993C-844B0E905544}.Debug|iPhoneSimulator.ActiveCfg = Debug|x86
		{41E2E991-8615-4108-993C-844B0E905544}.Debug|x64.ActiveCfg = Debug|x64
		{41E2E991-8615-4108-993C-844B0E905544}.Debug|x64.Build.0 = Debug|x64
		{41E2E991-8615-4108-993C-844B0E905544}.Debug|x64.Deploy.0 = Debug|x64
		{41E2E991-8615-4108-993C-844B0E905544}.Debug|x86.ActiveCfg = Debug|x86
		{41E2E991-8615-4108-993C-844B0E905544}.Debug|x86.Build.0 = Debug|x86
		{41E2E991-8615-4108-993C-844B0E905544}.Debug|x86.Deploy.0 = Debug|x86
		{41E2E991-8615-4108-993C-844B0E905544}.Release|Any CPU.ActiveCfg = Release|x86
		{41E2E991-8615-4108-993C-844B0E905544}.Release|ARM.ActiveCfg = Release|ARM
		{41E2E991-8615-4108-993C-844B0E905544}.Release|ARM.Build.0 = Release|ARM
		{41E2E991-8615-4108-993C-844B0E905544}.Release|ARM.Deploy.0 = Release|ARM
		{41E2E991-8615-4108-993C-844B0E905544}.Release|iPhone.ActiveCfg = Release|x86
		{41E2E991-8615-4108-993C-844B0E905544}.Release|iPhoneSimulator.ActiveCfg = Release|x86
		{41E2E991-8615-4108-993C-844B0E905544}.Release|x64.ActiveCfg = Release|x64
		{41E2E991-8615-4108-993C-844B0E905544}.Release|x64.Build.0 = Release|x64
		{41E2E991-8615-4108-993C-844B0E905544}.Release|x64.Deploy.0 = Release|x64
		{41E2E991-8615-4108-993C-844B0E905544}.Release|x86.ActiveCfg = Release|x86
		{41E2E991-8615-4108-993C-844B0E905544}.Release|x86.Build.0 = Release|x86
		{41E2E991-8615-4108-993C-844B0E905544}.Release|x86.Deploy.0 = Release|x86
	EndGlobalSection
	GlobalSection(SolutionProperties) = preSolution
		HideSolutionNode = FALSE
	EndGlobalSection
EndGlobal
